
Microsoft Visual Studio Solution File, Format Version 12.00
# Visual Studio 15
VisualStudioVersion = 15.0.28010.2050
MinimumVisualStudioVersion = 10.0.40219.1
Project("{FAE04EC0-301F-11D3-BF4B-00C04F79EFBC}") = "Biblioteka_Design", "Biblioteka_Design\Biblioteka_Design.csproj", "{224EBC85-E30D-48FC-95B0-94D62700B42E}"
EndProject
Global
	GlobalSection(SolutionConfigurationPlatforms) = preSolution
		Debug|Any CPU = Debug|Any CPU
		Release|Any CPU = Release|Any CPU
	EndGlobalSection
	GlobalSection(ProjectConfigurationPlatforms) = postSolution
		{224EBC85-E30D-48FC-95B0-94D62700B42E}.Debug|Any CPU.ActiveCfg = Debug|Any CPU
		{224EBC85-E30D-48FC-95B0-94D62700B42E}.Debug|Any CPU.Build.0 = Debug|Any CPU
		{224EBC85-E30D-48FC-95B0-94D62700B42E}.Release|Any CPU.ActiveCfg = Release|Any CPU
		{224EBC85-E30D-48FC-95B0-94D62700B42E}.Release|Any CPU.Build.0 = Release|Any CPU
	EndGlobalSection
	GlobalSection(SolutionProperties) = preSolution
		HideSolutionNode = FALSE
	EndGlobalSection
	GlobalSection(ExtensibilityGlobals) = postSolution
		SolutionGuid = {A20FBD7D-A888-49C2-88F1-D4E83CB6961C}
	EndGlobalSection
EndGlobal
